# This file is automatically @generated by Cargo.
# It is not intended for manual editing.
version = 3

[[package]]
name = "bitflags"
version = "2.5.0"
source = "registry+https://github.com/rust-lang/crates.io-index"
checksum = "cf4b9d6a944f767f8e5e0db018570623c85f3d925ac718db4e06d0187adb21c1"

[[package]]
name = "cc"
version = "1.0.90"
source = "registry+https://github.com/rust-lang/crates.io-index"
checksum = "8cd6604a82acf3039f1144f54b8eb34e91ffba622051189e71b781822d5ee1f5"

[[package]]
name = "cmake"
version = "0.1.50"
source = "registry+https://github.com/rust-lang/crates.io-index"
checksum = "a31c789563b815f77f4250caee12365734369f942439b7defd71e18a48197130"
dependencies = [
 "cc",
]

[[package]]
name = "crossbeam-channel"
version = "0.5.12"
source = "registry+https://github.com/rust-lang/crates.io-index"
checksum = "ab3db02a9c5b5121e1e42fbdb1aeb65f5e02624cc58c43f2884c6ccac0b82f95"
dependencies = [
 "crossbeam-utils",
]

[[package]]
name = "crossbeam-utils"
version = "0.8.19"
source = "registry+https://github.com/rust-lang/crates.io-index"
checksum = "248e3bacc7dc6baa3b21e405ee045c3047101a49145e7e9eca583ab4c2ca5345"

[[package]]
name = "fl2rust"
version = "0.5.19"
source = "registry+https://github.com/rust-lang/crates.io-index"
checksum = "f6679204ae2e70ee854f3caea0085fd15bf413baf81aba85422ea3394b00595f"
dependencies = [
 "fluid-parser",
]

[[package]]
name = "fltk"
version = "1.4.26"
source = "registry+https://github.com/rust-lang/crates.io-index"
checksum = "c8be71e3609a579ca4d917323ceb78325a8b5516db4aa6c365ff9e870e38f2da"
dependencies = [
 "bitflags",
 "crossbeam-channel",
 "fltk-sys",
 "paste",
 "ttf-parser",
]

[[package]]
name = "fltk-sys"
version = "1.4.26"
source = "registry+https://github.com/rust-lang/crates.io-index"
checksum = "da6332e318d10fbb52213cfd78e934b608bff8450cbb63ee512ccc3d4efcdefe"
dependencies = [
 "cmake",
]

[[package]]
name = "fltk-table"
version = "0.3.1"
source = "registry+https://github.com/rust-lang/crates.io-index"
checksum = "f9f8be6e136c21caed84c848d05a10ffeddee611150f9ba6ed55aae2e766f14a"
dependencies = [
 "fltk",
]

[[package]]
name = "fluid-parser"
version = "0.1.15"
source = "registry+https://github.com/rust-lang/crates.io-index"
checksum = "f8c1235afc20d2380c8c3bd46ab0bd3f8cda366cc19104f0da9cfc25e8fdf728"

[[package]]
name = "itoa"
version = "1.0.11"
source = "registry+https://github.com/rust-lang/crates.io-index"
checksum = "49f1f14873335454500d59611f1cf4a4b0f786f9ac11f4312a78e4cf2566695b"

[[package]]
name = "paste"
version = "1.0.14"
source = "registry+https://github.com/rust-lang/crates.io-index"
checksum = "de3145af08024dea9fa9914f381a17b8fc6034dfb00f3a84013f7ff43f29ed4c"

[[package]]
name = "proc-macro2"
version = "1.0.79"
source = "registry+https://github.com/rust-lang/crates.io-index"
checksum = "e835ff2298f5721608eb1a980ecaee1aef2c132bf95ecc026a11b7bf3c01c02e"
dependencies = [
 "unicode-ident",
]

[[package]]
name = "quote"
version = "1.0.35"
source = "registry+https://github.com/rust-lang/crates.io-index"
checksum = "291ec9ab5efd934aaf503a6466c5d5251535d108ee747472c3977cc5acc868ef"
dependencies = [
 "proc-macro2",
]

[[package]]
name = "ryu"
version = "1.0.17"
source = "registry+https://github.com/rust-lang/crates.io-index"
checksum = "e86697c916019a8588c99b5fac3cead74ec0b4b819707a682fd4d23fa0ce1ba1"

[[package]]
name = "serde"
version = "1.0.197"
source = "registry+https://github.com/rust-lang/crates.io-index"
checksum = "3fb1c873e1b9b056a4dc4c0c198b24c3ffa059243875552b2bd0933b1aee4ce2"
dependencies = [
 "serde_derive",
]

[[package]]
name = "serde_derive"
version = "1.0.197"
source = "registry+https://github.com/rust-lang/crates.io-index"
checksum = "7eb0b34b42edc17f6b7cac84a52a1c5f0e1bb2227e997ca9011ea3dd34e8610b"
dependencies = [
 "proc-macro2",
 "quote",
 "syn",
]

[[package]]
name = "serde_json"
version = "1.0.115"
source = "registry+https://github.com/rust-lang/crates.io-index"
checksum = "12dc5c46daa8e9fdf4f5e71b6cf9a53f2487da0e86e55808e2d35539666497dd"
dependencies = [
 "itoa",
 "ryu",
 "serde",
]

[[package]]
name = "show_chars"
version = "0.1.0"
dependencies = [
 "bitflags",
 "fl2rust",
 "fltk",
 "fltk-table",
 "serde",
 "serde_json",
]

[[package]]
name = "syn"
version = "2.0.57"
source = "registry+https://github.com/rust-lang/crates.io-index"
checksum = "11a6ae1e52eb25aab8f3fb9fca13be982a373b8f1157ca14b897a825ba4a2d35"
dependencies = [
 "proc-macro2",
 "quote",
 "unicode-ident",
]

[[package]]
name = "ttf-parser"
version = "0.20.0"
source = "registry+https://github.com/rust-lang/crates.io-index"
checksum = "17f77d76d837a7830fe1d4f12b7b4ba4192c1888001c7164257e4bc6d21d96b4"

[[package]]
name = "unicode-ident"
version = "1.0.12"
source = "registry+https://github.com/rust-lang/crates.io-index"
checksum = "3354b9ac3fae1ff6755cb6db53683adb661634f67557942dea4facebec0fee4b"
